
Microsoft Visual Studio Solution File, Format Version 12.00
# Visual Studio Version 17
VisualStudioVersion = 17.2.32505.173
MinimumVisualStudioVersion = 10.0.40219.1
Project("{FAE04EC0-301F-11D3-BF4B-00C04F79EFBC}") = "Presentacion", "Presentacion\Presentacion.csproj", "{967CFF90-5832-4AC7-A411-B42C09CEF8F8}"
EndProject
Project("{FAE04EC0-301F-11D3-BF4B-00C04F79EFBC}") = "Entidades", "Entidades\Entidades.csproj", "{87D40996-A935-4B4B-8411-8CA6FFC82562}"
EndProject
Project("{FAE04EC0-301F-11D3-BF4B-00C04F79EFBC}") = "Logica", "Logica\Logica.csproj", "{03EC4931-756A-4BE8-8D1F-F17BF85FCB9F}"
EndProject
Project("{FAE04EC0-301F-11D3-BF4B-00C04F79EFBC}") = "Datos", "Datos\Datos.csproj", "{6FDC6435-3B4E-43EC-9ED1-E69807BEC57F}"
EndProject
Global
	GlobalSection(SolutionConfigurationPlatforms) = preSolution
		Debug|Any CPU = Debug|Any CPU
		Release|Any CPU = Release|Any CPU
	EndGlobalSection
	GlobalSection(ProjectConfigurationPlatforms) = postSolution
		{967CFF90-5832-4AC7-A411-B42C09CEF8F8}.Debug|Any CPU.ActiveCfg = Debug|Any CPU
		{967CFF90-5832-4AC7-A411-B42C09CEF8F8}.Debug|Any CPU.Build.0 = Debug|Any CPU
		{967CFF90-5832-4AC7-A411-B42C09CEF8F8}.Release|Any CPU.ActiveCfg = Release|Any CPU
		{967CFF90-5832-4AC7-A411-B42C09CEF8F8}.Release|Any CPU.Build.0 = Release|Any CPU
		{87D40996-A935-4B4B-8411-8CA6FFC82562}.Debug|Any CPU.ActiveCfg = Debug|Any CPU
		{87D40996-A935-4B4B-8411-8CA6FFC82562}.Debug|Any CPU.Build.0 = Debug|Any CPU
		{87D40996-A935-4B4B-8411-8CA6FFC82562}.Release|Any CPU.ActiveCfg = Release|Any CPU
		{87D40996-A935-4B4B-8411-8CA6FFC82562}.Release|Any CPU.Build.0 = Release|Any CPU
		{03EC4931-756A-4BE8-8D1F-F17BF85FCB9F}.Debug|Any CPU.ActiveCfg = Debug|Any CPU
		{03EC4931-756A-4BE8-8D1F-F17BF85FCB9F}.Debug|Any CPU.Build.0 = Debug|Any CPU
		{03EC4931-756A-4BE8-8D1F-F17BF85FCB9F}.Release|Any CPU.ActiveCfg = Release|Any CPU
		{03EC4931-756A-4BE8-8D1F-F17BF85FCB9F}.Release|Any CPU.Build.0 = Release|Any CPU
		{6FDC6435-3B4E-43EC-9ED1-E69807BEC57F}.Debug|Any CPU.ActiveCfg = Debug|Any CPU
		{6FDC6435-3B4E-43EC-9ED1-E69807BEC57F}.Debug|Any CPU.Build.0 = Debug|Any CPU
		{6FDC6435-3B4E-43EC-9ED1-E69807BEC57F}.Release|Any CPU.ActiveCfg = Release|Any CPU
		{6FDC6435-3B4E-43EC-9ED1-E69807BEC57F}.Release|Any CPU.Build.0 = Release|Any CPU
	EndGlobalSection
	GlobalSection(SolutionProperties) = preSolution
		HideSolutionNode = FALSE
	EndGlobalSection
	GlobalSection(ExtensibilityGlobals) = postSolution
		SolutionGuid = {1602B5EF-1A85-4D5A-A329-8E9AC8B9AD67}
	EndGlobalSection
EndGlobal
